<Solution>
  <Folder Name="/src/">
    <Project Path="src/Chat/Chat.csproj" />
    <Project Path="src/Common/Common.csproj" />
    <Project Path="src/Generation/Generation.csproj" />
    <Project Path="src/Model/Model.csproj" />
    <Project Path="src/Pretrain/Pretrain.csproj" />
    <Project Path="src/Tensor/Tensor.csproj" />
    <Project Path="src/Tokeniser/Tokeniser.csproj" />
    <Project Path="src/Training/Training.csproj" />
  </Folder>
  <Folder Name="/tests/">
    <Project Path="tests/Chat.Tests/Chat.Tests.csproj" />
    <Project Path="tests/Common.Tests/Common.Tests.csproj" />
    <Project Path="tests/Generation.Tests/Generation.Tests.csproj" />
    <Project Path="tests/Model.Tests/Model.Tests.csproj" />
    <Project Path="tests/Pretrain.Tests/Pretrain.Tests.csproj" />
    <Project Path="tests/Tensor.Tests/Tensor.Tests.csproj" />
    <Project Path="tests/Tokeniser.Tests/Tokeniser.Tests.csproj" />
    <Project Path="tests/Training.Tests/Training.Tests.csproj" />
  </Folder>
</Solution>
