<Solution>
  <Folder Name="/src/">
    <Project Path="src/Common/Common.csproj" />
    <Project Path="src/Model/Model.csproj" />
    <Project Path="src/Tensor/Tensor.csproj" />
    <Project Path="src/Tokeniser/Tokeniser.csproj" />
    <Project Path="src/Training/Training.csproj" />
  </Folder>
  <Folder Name="/tests/">
    <Project Path="tests/Model.Tests/Model.Tests.csproj" />
    <Project Path="tests/Tensor.Tests/Tensor.Tests.csproj" />
    <Project Path="tests/Tokeniser.Tests/Tokeniser.Tests.csproj" />
    <Project Path="tests/Training.Tests/Training.Tests.csproj" />
  </Folder>
</Solution>
